
Microsoft Visual Studio Solution File, Format Version 12.00
# Visual Studio 14
VisualStudioVersion = 14.0.24720.0
MinimumVisualStudioVersion = 10.0.40219.1
Project("{FAE04EC0-301F-11D3-BF4B-00C04F79EFBC}") = "CsharpTest", "ConsoleApplication1\CsharpTest.csproj", "{2D0A1AB1-1F16-456C-A282-39737FD83264}"
EndProject
Project("{FAE04EC0-301F-11D3-BF4B-00C04F79EFBC}") = "Test", "Test\Test.csproj", "{2C4AB9C8-B281-4263-B764-36EC3E35D8B0}"
EndProject
Project("{FAE04EC0-301F-11D3-BF4B-00C04F79EFBC}") = "MyLibrary", "MyLibrary\MyLibrary.csproj", "{E365A59D-FCCB-4A2E-B50B-57A90D806969}"
EndProject
Project("{FAE04EC0-301F-11D3-BF4B-00C04F79EFBC}") = "CsharpBase", "CsharpBase\CsharpBase.csproj", "{3865E63F-F7D5-4D23-992D-12DCE71F34B1}"
EndProject
Project("{FAE04EC0-301F-11D3-BF4B-00C04F79EFBC}") = "AutoMapperWeb", "AutoMapperWeb\AutoMapperWeb.csproj", "{4756422F-1842-4EB0-A90A-53ED76628FA1}"
EndProject
Project("{FAE04EC0-301F-11D3-BF4B-00C04F79EFBC}") = "NPOI_Test", "NPOI_Test\NPOI_Test.csproj", "{C31EDD4A-BF68-4A41-99FE-B3420DB01785}"
EndProject
Project("{FAE04EC0-301F-11D3-BF4B-00C04F79EFBC}") = "泛型Winform", "泛型Winform\泛型Winform.csproj", "{10E2AE6E-561B-4492-B0C4-1D0084C42C6B}"
EndProject
Project("{FAE04EC0-301F-11D3-BF4B-00C04F79EFBC}") = "新语法", "新语法\新语法.csproj", "{20A99DBF-4D70-4A42-93D4-124AF0843317}"
EndProject
Project("{F088123C-0E9E-452A-89E6-6BA2F21D5CAC}") = "ModelingProject1", "ModelingProject1\ModelingProject1.modelproj", "{129279CC-570B-44A5-9495-BD5E2BF36B83}"
EndProject
Project("{FAE04EC0-301F-11D3-BF4B-00C04F79EFBC}") = "ModelingProject1Lib", "ModelingProject1Lib\ModelingProject1Lib.csproj", "{9FDF74A7-28E7-4230-9F73-CF3848E35E2B}"
EndProject
Project("{FAE04EC0-301F-11D3-BF4B-00C04F79EFBC}") = "T4_test", "T4_test\T4_test.csproj", "{FC0F6FA4-26D4-4C6C-927B-4E9CB8234562}"
EndProject
Project("{FAE04EC0-301F-11D3-BF4B-00C04F79EFBC}") = "C10引用强命名CXJ", "C10引用强命名CXJ\C10引用强命名CXJ.csproj", "{78AB631F-4154-482E-9588-E8E8B09F2340}"
EndProject
Project("{FAE04EC0-301F-11D3-BF4B-00C04F79EFBC}") = "C10normalDll", "C10normalDll\C10normalDll.csproj", "{1FAC8ACC-2221-4D51-8EC3-14E263484F10}"
EndProject
Project("{FAE04EC0-301F-11D3-BF4B-00C04F79EFBC}") = "C10StrongNameDll", "C10StrongNameDll\C10StrongNameDll.csproj", "{C5773F33-79E1-4BB6-B208-DF1EAD57128E}"
EndProject
Project("{FAE04EC0-301F-11D3-BF4B-00C04F79EFBC}") = "OutLibTest", "OutLibTest\OutLibTest.csproj", "{5323A28A-2D56-412E-874B-EE0E4FE34BCE}"
EndProject
Global
	GlobalSection(SolutionConfigurationPlatforms) = preSolution
		Debug|Any CPU = Debug|Any CPU
		Release|Any CPU = Release|Any CPU
	EndGlobalSection
	GlobalSection(ProjectConfigurationPlatforms) = postSolution
		{2D0A1AB1-1F16-456C-A282-39737FD83264}.Debug|Any CPU.ActiveCfg = Debug|Any CPU
		{2D0A1AB1-1F16-456C-A282-39737FD83264}.Debug|Any CPU.Build.0 = Debug|Any CPU
		{2D0A1AB1-1F16-456C-A282-39737FD83264}.Release|Any CPU.ActiveCfg = Release|Any CPU
		{2D0A1AB1-1F16-456C-A282-39737FD83264}.Release|Any CPU.Build.0 = Release|Any CPU
		{2C4AB9C8-B281-4263-B764-36EC3E35D8B0}.Debug|Any CPU.ActiveCfg = Debug|Any CPU
		{2C4AB9C8-B281-4263-B764-36EC3E35D8B0}.Debug|Any CPU.Build.0 = Debug|Any CPU
		{2C4AB9C8-B281-4263-B764-36EC3E35D8B0}.Release|Any CPU.ActiveCfg = Release|Any CPU
		{2C4AB9C8-B281-4263-B764-36EC3E35D8B0}.Release|Any CPU.Build.0 = Release|Any CPU
		{E365A59D-FCCB-4A2E-B50B-57A90D806969}.Debug|Any CPU.ActiveCfg = Debug|Any CPU
		{E365A59D-FCCB-4A2E-B50B-57A90D806969}.Debug|Any CPU.Build.0 = Debug|Any CPU
		{E365A59D-FCCB-4A2E-B50B-57A90D806969}.Release|Any CPU.ActiveCfg = Release|Any CPU
		{E365A59D-FCCB-4A2E-B50B-57A90D806969}.Release|Any CPU.Build.0 = Release|Any CPU
		{3865E63F-F7D5-4D23-992D-12DCE71F34B1}.Debug|Any CPU.ActiveCfg = Debug|Any CPU
		{3865E63F-F7D5-4D23-992D-12DCE71F34B1}.Debug|Any CPU.Build.0 = Debug|Any CPU
		{3865E63F-F7D5-4D23-992D-12DCE71F34B1}.Release|Any CPU.ActiveCfg = Release|Any CPU
		{3865E63F-F7D5-4D23-992D-12DCE71F34B1}.Release|Any CPU.Build.0 = Release|Any CPU
		{4756422F-1842-4EB0-A90A-53ED76628FA1}.Debug|Any CPU.ActiveCfg = Debug|Any CPU
		{4756422F-1842-4EB0-A90A-53ED76628FA1}.Debug|Any CPU.Build.0 = Debug|Any CPU
		{4756422F-1842-4EB0-A90A-53ED76628FA1}.Release|Any CPU.ActiveCfg = Release|Any CPU
		{4756422F-1842-4EB0-A90A-53ED76628FA1}.Release|Any CPU.Build.0 = Release|Any CPU
		{C31EDD4A-BF68-4A41-99FE-B3420DB01785}.Debug|Any CPU.ActiveCfg = Debug|Any CPU
		{C31EDD4A-BF68-4A41-99FE-B3420DB01785}.Debug|Any CPU.Build.0 = Debug|Any CPU
		{C31EDD4A-BF68-4A41-99FE-B3420DB01785}.Release|Any CPU.ActiveCfg = Release|Any CPU
		{C31EDD4A-BF68-4A41-99FE-B3420DB01785}.Release|Any CPU.Build.0 = Release|Any CPU
		{10E2AE6E-561B-4492-B0C4-1D0084C42C6B}.Debug|Any CPU.ActiveCfg = Debug|Any CPU
		{10E2AE6E-561B-4492-B0C4-1D0084C42C6B}.Debug|Any CPU.Build.0 = Debug|Any CPU
		{10E2AE6E-561B-4492-B0C4-1D0084C42C6B}.Release|Any CPU.ActiveCfg = Release|Any CPU
		{10E2AE6E-561B-4492-B0C4-1D0084C42C6B}.Release|Any CPU.Build.0 = Release|Any CPU
		{20A99DBF-4D70-4A42-93D4-124AF0843317}.Debug|Any CPU.ActiveCfg = Debug|Any CPU
		{20A99DBF-4D70-4A42-93D4-124AF0843317}.Debug|Any CPU.Build.0 = Debug|Any CPU
		{20A99DBF-4D70-4A42-93D4-124AF0843317}.Release|Any CPU.ActiveCfg = Release|Any CPU
		{20A99DBF-4D70-4A42-93D4-124AF0843317}.Release|Any CPU.Build.0 = Release|Any CPU
		{129279CC-570B-44A5-9495-BD5E2BF36B83}.Debug|Any CPU.ActiveCfg = Debug|Any CPU
		{129279CC-570B-44A5-9495-BD5E2BF36B83}.Debug|Any CPU.Build.0 = Debug|Any CPU
		{129279CC-570B-44A5-9495-BD5E2BF36B83}.Release|Any CPU.ActiveCfg = Release|Any CPU
		{129279CC-570B-44A5-9495-BD5E2BF36B83}.Release|Any CPU.Build.0 = Release|Any CPU
		{9FDF74A7-28E7-4230-9F73-CF3848E35E2B}.Debug|Any CPU.ActiveCfg = Debug|Any CPU
		{9FDF74A7-28E7-4230-9F73-CF3848E35E2B}.Debug|Any CPU.Build.0 = Debug|Any CPU
		{9FDF74A7-28E7-4230-9F73-CF3848E35E2B}.Release|Any CPU.ActiveCfg = Release|Any CPU
		{9FDF74A7-28E7-4230-9F73-CF3848E35E2B}.Release|Any CPU.Build.0 = Release|Any CPU
		{FC0F6FA4-26D4-4C6C-927B-4E9CB8234562}.Debug|Any CPU.ActiveCfg = Debug|Any CPU
		{FC0F6FA4-26D4-4C6C-927B-4E9CB8234562}.Debug|Any CPU.Build.0 = Debug|Any CPU
		{FC0F6FA4-26D4-4C6C-927B-4E9CB8234562}.Release|Any CPU.ActiveCfg = Release|Any CPU
		{FC0F6FA4-26D4-4C6C-927B-4E9CB8234562}.Release|Any CPU.Build.0 = Release|Any CPU
		{78AB631F-4154-482E-9588-E8E8B09F2340}.Debug|Any CPU.ActiveCfg = Debug|Any CPU
		{78AB631F-4154-482E-9588-E8E8B09F2340}.Debug|Any CPU.Build.0 = Debug|Any CPU
		{78AB631F-4154-482E-9588-E8E8B09F2340}.Release|Any CPU.ActiveCfg = Release|Any CPU
		{78AB631F-4154-482E-9588-E8E8B09F2340}.Release|Any CPU.Build.0 = Release|Any CPU
		{1FAC8ACC-2221-4D51-8EC3-14E263484F10}.Debug|Any CPU.ActiveCfg = Debug|Any CPU
		{1FAC8ACC-2221-4D51-8EC3-14E263484F10}.Debug|Any CPU.Build.0 = Debug|Any CPU
		{1FAC8ACC-2221-4D51-8EC3-14E263484F10}.Release|Any CPU.ActiveCfg = Release|Any CPU
		{1FAC8ACC-2221-4D51-8EC3-14E263484F10}.Release|Any CPU.Build.0 = Release|Any CPU
		{C5773F33-79E1-4BB6-B208-DF1EAD57128E}.Debug|Any CPU.ActiveCfg = Debug|Any CPU
		{C5773F33-79E1-4BB6-B208-DF1EAD57128E}.Debug|Any CPU.Build.0 = Debug|Any CPU
		{C5773F33-79E1-4BB6-B208-DF1EAD57128E}.Release|Any CPU.ActiveCfg = Release|Any CPU
		{C5773F33-79E1-4BB6-B208-DF1EAD57128E}.Release|Any CPU.Build.0 = Release|Any CPU
		{5323A28A-2D56-412E-874B-EE0E4FE34BCE}.Debug|Any CPU.ActiveCfg = Debug|Any CPU
		{5323A28A-2D56-412E-874B-EE0E4FE34BCE}.Debug|Any CPU.Build.0 = Debug|Any CPU
		{5323A28A-2D56-412E-874B-EE0E4FE34BCE}.Release|Any CPU.ActiveCfg = Release|Any CPU
		{5323A28A-2D56-412E-874B-EE0E4FE34BCE}.Release|Any CPU.Build.0 = Release|Any CPU
	EndGlobalSection
	GlobalSection(SolutionProperties) = preSolution
		HideSolutionNode = FALSE
	EndGlobalSection
EndGlobal
