
Microsoft Visual Studio Solution File, Format Version 12.00
# Visual Studio 14
VisualStudioVersion = 14.0.24720.0
MinimumVisualStudioVersion = 10.0.40219.1
Project("{FAE04EC0-301F-11D3-BF4B-00C04F79EFBC}") = "CsharpTest", "ConsoleApplication1\CsharpTest.csproj", "{2D0A1AB1-1F16-456C-A282-39737FD83264}"
EndProject
Project("{FAE04EC0-301F-11D3-BF4B-00C04F79EFBC}") = "Test", "Test\Test.csproj", "{2C4AB9C8-B281-4263-B764-36EC3E35D8B0}"
EndProject
Project("{FAE04EC0-301F-11D3-BF4B-00C04F79EFBC}") = "MyLibrary", "MyLibrary\MyLibrary.csproj", "{E365A59D-FCCB-4A2E-B50B-57A90D806969}"
EndProject
Project("{FAE04EC0-301F-11D3-BF4B-00C04F79EFBC}") = "CsharpBase", "CsharpBase\CsharpBase.csproj", "{3865E63F-F7D5-4D23-992D-12DCE71F34B1}"
EndProject
Project("{FAE04EC0-301F-11D3-BF4B-00C04F79EFBC}") = "AutoMapperWeb", "AutoMapperWeb\AutoMapperWeb.csproj", "{4756422F-1842-4EB0-A90A-53ED76628FA1}"
EndProject
Project("{FAE04EC0-301F-11D3-BF4B-00C04F79EFBC}") = "NPOI_Test", "NPOI_Test\NPOI_Test.csproj", "{C31EDD4A-BF68-4A41-99FE-B3420DB01785}"
EndProject
Global
	GlobalSection(SolutionConfigurationPlatforms) = preSolution
		Debug|Any CPU = Debug|Any CPU
		Release|Any CPU = Release|Any CPU
	EndGlobalSection
	GlobalSection(ProjectConfigurationPlatforms) = postSolution
		{2D0A1AB1-1F16-456C-A282-39737FD83264}.Debug|Any CPU.ActiveCfg = Debug|Any CPU
		{2D0A1AB1-1F16-456C-A282-39737FD83264}.Debug|Any CPU.Build.0 = Debug|Any CPU
		{2D0A1AB1-1F16-456C-A282-39737FD83264}.Release|Any CPU.ActiveCfg = Release|Any CPU
		{2D0A1AB1-1F16-456C-A282-39737FD83264}.Release|Any CPU.Build.0 = Release|Any CPU
		{2C4AB9C8-B281-4263-B764-36EC3E35D8B0}.Debug|Any CPU.ActiveCfg = Debug|Any CPU
		{2C4AB9C8-B281-4263-B764-36EC3E35D8B0}.Debug|Any CPU.Build.0 = Debug|Any CPU
		{2C4AB9C8-B281-4263-B764-36EC3E35D8B0}.Release|Any CPU.ActiveCfg = Release|Any CPU
		{2C4AB9C8-B281-4263-B764-36EC3E35D8B0}.Release|Any CPU.Build.0 = Release|Any CPU
		{E365A59D-FCCB-4A2E-B50B-57A90D806969}.Debug|Any CPU.ActiveCfg = Debug|Any CPU
		{E365A59D-FCCB-4A2E-B50B-57A90D806969}.Debug|Any CPU.Build.0 = Debug|Any CPU
		{E365A59D-FCCB-4A2E-B50B-57A90D806969}.Release|Any CPU.ActiveCfg = Release|Any CPU
		{E365A59D-FCCB-4A2E-B50B-57A90D806969}.Release|Any CPU.Build.0 = Release|Any CPU
		{3865E63F-F7D5-4D23-992D-12DCE71F34B1}.Debug|Any CPU.ActiveCfg = Debug|Any CPU
		{3865E63F-F7D5-4D23-992D-12DCE71F34B1}.Debug|Any CPU.Build.0 = Debug|Any CPU
		{3865E63F-F7D5-4D23-992D-12DCE71F34B1}.Release|Any CPU.ActiveCfg = Release|Any CPU
		{3865E63F-F7D5-4D23-992D-12DCE71F34B1}.Release|Any CPU.Build.0 = Release|Any CPU
		{4756422F-1842-4EB0-A90A-53ED76628FA1}.Debug|Any CPU.ActiveCfg = Debug|Any CPU
		{4756422F-1842-4EB0-A90A-53ED76628FA1}.Debug|Any CPU.Build.0 = Debug|Any CPU
		{4756422F-1842-4EB0-A90A-53ED76628FA1}.Release|Any CPU.ActiveCfg = Release|Any CPU
		{4756422F-1842-4EB0-A90A-53ED76628FA1}.Release|Any CPU.Build.0 = Release|Any CPU
		{C31EDD4A-BF68-4A41-99FE-B3420DB01785}.Debug|Any CPU.ActiveCfg = Debug|Any CPU
		{C31EDD4A-BF68-4A41-99FE-B3420DB01785}.Debug|Any CPU.Build.0 = Debug|Any CPU
		{C31EDD4A-BF68-4A41-99FE-B3420DB01785}.Release|Any CPU.ActiveCfg = Release|Any CPU
		{C31EDD4A-BF68-4A41-99FE-B3420DB01785}.Release|Any CPU.Build.0 = Release|Any CPU
	EndGlobalSection
	GlobalSection(SolutionProperties) = preSolution
		HideSolutionNode = FALSE
	EndGlobalSection
EndGlobal
